// !$*UTF8*$!
{
	archiveVersion = 1;
	classes = {
	};
	objectVersion = 50;
	objects = {

/* Begin PBXBuildFile section */
		CF08B5162544427A00FB8D0A /* Extension+UIButton.swift in Sources */ = {isa = PBXBuildFile; fileRef = CF08B5152544427A00FB8D0A /* Extension+UIButton.swift */; };
		CF24D30D252A457600FAF935 /* Extension+UIView.swift in Sources */ = {isa = PBXBuildFile; fileRef = CF24D30C252A457600FAF935 /* Extension+UIView.swift */; };
		CF24D310252A46A100FAF935 /* Extension+String.swift in Sources */ = {isa = PBXBuildFile; fileRef = CF24D30F252A46A100FAF935 /* Extension+String.swift */; };
		CF29C3BE254214B100AA8D65 /* Extension+UIVIewController.swift in Sources */ = {isa = PBXBuildFile; fileRef = CF29C3BD254214B100AA8D65 /* Extension+UIVIewController.swift */; };
		CF29C3C125421BCD00AA8D65 /* SourceViewController.swift in Sources */ = {isa = PBXBuildFile; fileRef = CF29C3C025421BCD00AA8D65 /* SourceViewController.swift */; };
		CF29C3D72542318700AA8D65 /* AddSourceView.swift in Sources */ = {isa = PBXBuildFile; fileRef = CF29C3D62542318700AA8D65 /* AddSourceView.swift */; };
		CF29C3DA2542334800AA8D65 /* TableViewController.swift in Sources */ = {isa = PBXBuildFile; fileRef = CF29C3D92542334800AA8D65 /* TableViewController.swift */; };
		CF29C3DD254233F000AA8D65 /* AddSourceViewController.swift in Sources */ = {isa = PBXBuildFile; fileRef = CF29C3DC254233F000AA8D65 /* AddSourceViewController.swift */; };
		CF37A41A252A8E52005ED45B /* Extension+UITextView.swift in Sources */ = {isa = PBXBuildFile; fileRef = CF37A419252A8E52005ED45B /* Extension+UITextView.swift */; };
		CF51E20225289C74007A621E /* AppDelegate.swift in Sources */ = {isa = PBXBuildFile; fileRef = CF51E20125289C74007A621E /* AppDelegate.swift */; };
		CF51E20425289C74007A621E /* SceneDelegate.swift in Sources */ = {isa = PBXBuildFile; fileRef = CF51E20325289C74007A621E /* SceneDelegate.swift */; };
		CF51E20625289C74007A621E /* CollectionViewController.swift in Sources */ = {isa = PBXBuildFile; fileRef = CF51E20525289C74007A621E /* CollectionViewController.swift */; };
		CF51E20B25289C7E007A621E /* Assets.xcassets in Resources */ = {isa = PBXBuildFile; fileRef = CF51E20A25289C7E007A621E /* Assets.xcassets */; };
		CF51E20E25289C7E007A621E /* LaunchScreen.storyboard in Resources */ = {isa = PBXBuildFile; fileRef = CF51E20C25289C7E007A621E /* LaunchScreen.storyboard */; };
		CF51E2192528A222007A621E /* RSSParser.swift in Sources */ = {isa = PBXBuildFile; fileRef = CF51E2182528A222007A621E /* RSSParser.swift */; };
		CF51E21C2528FB9B007A621E /* CellView.swift in Sources */ = {isa = PBXBuildFile; fileRef = CF51E21B2528FB9B007A621E /* CellView.swift */; };
		CF6173AF252924E400F80CBD /* PostModel.swift in Sources */ = {isa = PBXBuildFile; fileRef = CF6173AE252924E400F80CBD /* PostModel.swift */; };
		CF6173B32529F90600F80CBD /* DetailViewController.swift in Sources */ = {isa = PBXBuildFile; fileRef = CF6173B22529F90600F80CBD /* DetailViewController.swift */; };
		CF9FB96D25431AEE00E8859F /* SourcesModel.swift in Sources */ = {isa = PBXBuildFile; fileRef = CF9FB96C25431AEE00E8859F /* SourcesModel.swift */; };
/* End PBXBuildFile section */

/* Begin PBXFileReference section */
		CF08B5152544427A00FB8D0A /* Extension+UIButton.swift */ = {isa = PBXFileReference; lastKnownFileType = sourcecode.swift; path = "Extension+UIButton.swift"; sourceTree = "<group>"; };
		CF24D30C252A457600FAF935 /* Extension+UIView.swift */ = {isa = PBXFileReference; lastKnownFileType = sourcecode.swift; path = "Extension+UIView.swift"; sourceTree = "<group>"; };
		CF24D30F252A46A100FAF935 /* Extension+String.swift */ = {isa = PBXFileReference; lastKnownFileType = sourcecode.swift; path = "Extension+String.swift"; sourceTree = "<group>"; };
		CF29C3BD254214B100AA8D65 /* Extension+UIVIewController.swift */ = {isa = PBXFileReference; lastKnownFileType = sourcecode.swift; path = "Extension+UIVIewController.swift"; sourceTree = "<group>"; };
		CF29C3C025421BCD00AA8D65 /* SourceViewController.swift */ = {isa = PBXFileReference; lastKnownFileType = sourcecode.swift; path = SourceViewController.swift; sourceTree = "<group>"; };
		CF29C3D62542318700AA8D65 /* AddSourceView.swift */ = {isa = PBXFileReference; lastKnownFileType = sourcecode.swift; path = AddSourceView.swift; sourceTree = "<group>"; };
		CF29C3D92542334800AA8D65 /* TableViewController.swift */ = {isa = PBXFileReference; lastKnownFileType = sourcecode.swift; path = TableViewController.swift; sourceTree = "<group>"; };
		CF29C3DC254233F000AA8D65 /* AddSourceViewController.swift */ = {isa = PBXFileReference; lastKnownFileType = sourcecode.swift; path = AddSourceViewController.swift; sourceTree = "<group>"; };
		CF37A419252A8E52005ED45B /* Extension+UITextView.swift */ = {isa = PBXFileReference; lastKnownFileType = sourcecode.swift; path = "Extension+UITextView.swift"; sourceTree = "<group>"; };
		CF51E1FE25289C74007A621E /* TestTask.app */ = {isa = PBXFileReference; explicitFileType = wrapper.application; includeInIndex = 0; path = TestTask.app; sourceTree = BUILT_PRODUCTS_DIR; };
		CF51E20125289C74007A621E /* AppDelegate.swift */ = {isa = PBXFileReference; lastKnownFileType = sourcecode.swift; path = AppDelegate.swift; sourceTree = "<group>"; };
		CF51E20325289C74007A621E /* SceneDelegate.swift */ = {isa = PBXFileReference; lastKnownFileType = sourcecode.swift; path = SceneDelegate.swift; sourceTree = "<group>"; };
		CF51E20525289C74007A621E /* CollectionViewController.swift */ = {isa = PBXFileReference; lastKnownFileType = sourcecode.swift; path = CollectionViewController.swift; sourceTree = "<group>"; };
		CF51E20A25289C7E007A621E /* Assets.xcassets */ = {isa = PBXFileReference; lastKnownFileType = folder.assetcatalog; path = Assets.xcassets; sourceTree = "<group>"; };
		CF51E20D25289C7E007A621E /* Base */ = {isa = PBXFileReference; lastKnownFileType = file.storyboard; name = Base; path = Base.lproj/LaunchScreen.storyboard; sourceTree = "<group>"; };
		CF51E20F25289C7E007A621E /* Info.plist */ = {isa = PBXFileReference; lastKnownFileType = text.plist.xml; path = Info.plist; sourceTree = "<group>"; };
		CF51E2182528A222007A621E /* RSSParser.swift */ = {isa = PBXFileReference; lastKnownFileType = sourcecode.swift; path = RSSParser.swift; sourceTree = "<group>"; };
		CF51E21B2528FB9B007A621E /* CellView.swift */ = {isa = PBXFileReference; lastKnownFileType = sourcecode.swift; path = CellView.swift; sourceTree = "<group>"; };
		CF6173AE252924E400F80CBD /* PostModel.swift */ = {isa = PBXFileReference; lastKnownFileType = sourcecode.swift; path = PostModel.swift; sourceTree = "<group>"; };
		CF6173B22529F90600F80CBD /* DetailViewController.swift */ = {isa = PBXFileReference; lastKnownFileType = sourcecode.swift; path = DetailViewController.swift; sourceTree = "<group>"; };
		CF9FB96C25431AEE00E8859F /* SourcesModel.swift */ = {isa = PBXFileReference; lastKnownFileType = sourcecode.swift; path = SourcesModel.swift; sourceTree = "<group>"; };
/* End PBXFileReference section */

/* Begin PBXFrameworksBuildPhase section */
		CF51E1FB25289C74007A621E /* Frameworks */ = {
			isa = PBXFrameworksBuildPhase;
			buildActionMask = 2147483647;
			files = (
			);
			runOnlyForDeploymentPostprocessing = 0;
		};
/* End PBXFrameworksBuildPhase section */

/* Begin PBXGroup section */
		CF24D302252A421600FAF935 /* ViewControllers */ = {
			isa = PBXGroup;
			children = (
				CF51E20525289C74007A621E /* CollectionViewController.swift */,
				CF6173B22529F90600F80CBD /* DetailViewController.swift */,
				CF29C3C025421BCD00AA8D65 /* SourceViewController.swift */,
				CF29C3D92542334800AA8D65 /* TableViewController.swift */,
				CF29C3DC254233F000AA8D65 /* AddSourceViewController.swift */,
			);
			path = ViewControllers;
			sourceTree = "<group>";
		};
		CF24D304252A422600FAF935 /* App */ = {
			isa = PBXGroup;
			children = (
				CF51E20125289C74007A621E /* AppDelegate.swift */,
				CF51E20325289C74007A621E /* SceneDelegate.swift */,
			);
			path = App;
			sourceTree = "<group>";
		};
		CF24D306252A423300FAF935 /* Views */ = {
			isa = PBXGroup;
			children = (
				CF51E21B2528FB9B007A621E /* CellView.swift */,
				CF29C3D62542318700AA8D65 /* AddSourceView.swift */,
			);
			path = Views;
			sourceTree = "<group>";
		};
		CF24D308252A424300FAF935 /* Models */ = {
			isa = PBXGroup;
			children = (
				CF6173AE252924E400F80CBD /* PostModel.swift */,
				CF9FB96C25431AEE00E8859F /* SourcesModel.swift */,
			);
			path = Models;
			sourceTree = "<group>";
		};
		CF24D30A252A424D00FAF935 /* Help */ = {
			isa = PBXGroup;
			children = (
				CF51E2182528A222007A621E /* RSSParser.swift */,
				CF24D30C252A457600FAF935 /* Extension+UIView.swift */,
				CF24D30F252A46A100FAF935 /* Extension+String.swift */,
				CF37A419252A8E52005ED45B /* Extension+UITextView.swift */,
				CF29C3BD254214B100AA8D65 /* Extension+UIVIewController.swift */,
				CF08B5152544427A00FB8D0A /* Extension+UIButton.swift */,
			);
			path = Help;
			sourceTree = "<group>";
		};
		CF51E1F525289C74007A621E = {
			isa = PBXGroup;
			children = (
				CF51E20025289C74007A621E /* TestTask */,
				CF51E1FF25289C74007A621E /* Products */,
			);
			sourceTree = "<group>";
		};
		CF51E1FF25289C74007A621E /* Products */ = {
			isa = PBXGroup;
			children = (
				CF51E1FE25289C74007A621E /* TestTask.app */,
			);
			name = Products;
			sourceTree = "<group>";
		};
		CF51E20025289C74007A621E /* TestTask */ = {
			isa = PBXGroup;
			children = (
				CF24D304252A422600FAF935 /* App */,
				CF24D302252A421600FAF935 /* ViewControllers */,
				CF24D306252A423300FAF935 /* Views */,
				CF24D308252A424300FAF935 /* Models */,
				CF24D30A252A424D00FAF935 /* Help */,
				CF51E20A25289C7E007A621E /* Assets.xcassets */,
				CF51E20C25289C7E007A621E /* LaunchScreen.storyboard */,
				CF51E20F25289C7E007A621E /* Info.plist */,
			);
			path = TestTask;
			sourceTree = "<group>";
		};
/* End PBXGroup section */

/* Begin PBXNativeTarget section */
		CF51E1FD25289C74007A621E /* TestTask */ = {
			isa = PBXNativeTarget;
			buildConfigurationList = CF51E21225289C7E007A621E /* Build configuration list for PBXNativeTarget "TestTask" */;
			buildPhases = (
				CF51E1FA25289C74007A621E /* Sources */,
				CF51E1FB25289C74007A621E /* Frameworks */,
				CF51E1FC25289C74007A621E /* Resources */,
			);
			buildRules = (
			);
			dependencies = (
			);
			name = TestTask;
			productName = TestTask;
			productReference = CF51E1FE25289C74007A621E /* TestTask.app */;
			productType = "com.apple.product-type.application";
		};
/* End PBXNativeTarget section */

/* Begin PBXProject section */
		CF51E1F625289C74007A621E /* Project object */ = {
			isa = PBXProject;
			attributes = {
				LastSwiftUpdateCheck = 1200;
				LastUpgradeCheck = 1200;
				TargetAttributes = {
					CF51E1FD25289C74007A621E = {
						CreatedOnToolsVersion = 12.0.1;
					};
				};
			};
			buildConfigurationList = CF51E1F925289C74007A621E /* Build configuration list for PBXProject "TestTask" */;
			compatibilityVersion = "Xcode 9.3";
			developmentRegion = en;
			hasScannedForEncodings = 0;
			knownRegions = (
				en,
				Base,
			);
			mainGroup = CF51E1F525289C74007A621E;
			productRefGroup = CF51E1FF25289C74007A621E /* Products */;
			projectDirPath = "";
			projectRoot = "";
			targets = (
				CF51E1FD25289C74007A621E /* TestTask */,
			);
		};
/* End PBXProject section */

/* Begin PBXResourcesBuildPhase section */
		CF51E1FC25289C74007A621E /* Resources */ = {
			isa = PBXResourcesBuildPhase;
			buildActionMask = 2147483647;
			files = (
				CF51E20E25289C7E007A621E /* LaunchScreen.storyboard in Resources */,
				CF51E20B25289C7E007A621E /* Assets.xcassets in Resources */,
			);
			runOnlyForDeploymentPostprocessing = 0;
		};
/* End PBXResourcesBuildPhase section */

/* Begin PBXSourcesBuildPhase section */
		CF51E1FA25289C74007A621E /* Sources */ = {
			isa = PBXSourcesBuildPhase;
			buildActionMask = 2147483647;
			files = (
				CF51E20625289C74007A621E /* CollectionViewController.swift in Sources */,
				CF29C3DD254233F000AA8D65 /* AddSourceViewController.swift in Sources */,
				CF9FB96D25431AEE00E8859F /* SourcesModel.swift in Sources */,
				CF29C3DA2542334800AA8D65 /* TableViewController.swift in Sources */,
				CF51E21C2528FB9B007A621E /* CellView.swift in Sources */,
				CF24D30D252A457600FAF935 /* Extension+UIView.swift in Sources */,
				CF6173AF252924E400F80CBD /* PostModel.swift in Sources */,
				CF51E20225289C74007A621E /* AppDelegate.swift in Sources */,
				CF29C3C125421BCD00AA8D65 /* SourceViewController.swift in Sources */,
				CF24D310252A46A100FAF935 /* Extension+String.swift in Sources */,
				CF29C3BE254214B100AA8D65 /* Extension+UIVIewController.swift in Sources */,
				CF51E20425289C74007A621E /* SceneDelegate.swift in Sources */,
				CF37A41A252A8E52005ED45B /* Extension+UITextView.swift in Sources */,
				CF29C3D72542318700AA8D65 /* AddSourceView.swift in Sources */,
				CF51E2192528A222007A621E /* RSSParser.swift in Sources */,
				CF08B5162544427A00FB8D0A /* Extension+UIButton.swift in Sources */,
				CF6173B32529F90600F80CBD /* DetailViewController.swift in Sources */,
			);
			runOnlyForDeploymentPostprocessing = 0;
		};
/* End PBXSourcesBuildPhase section */

/* Begin PBXVariantGroup section */
		CF51E20C25289C7E007A621E /* LaunchScreen.storyboard */ = {
			isa = PBXVariantGroup;
			children = (
				CF51E20D25289C7E007A621E /* Base */,
			);
			name = LaunchScreen.storyboard;
			sourceTree = "<group>";
		};
/* End PBXVariantGroup section */

/* Begin XCBuildConfiguration section */
		CF51E21025289C7E007A621E /* Debug */ = {
			isa = XCBuildConfiguration;
			buildSettings = {
				ALWAYS_SEARCH_USER_PATHS = NO;
				CLANG_ANALYZER_NONNULL = YES;
				CLANG_ANALYZER_NUMBER_OBJECT_CONVERSION = YES_AGGRESSIVE;
				CLANG_CXX_LANGUAGE_STANDARD = "gnu++14";
				CLANG_CXX_LIBRARY = "libc++";
				CLANG_ENABLE_MODULES = YES;
				CLANG_ENABLE_OBJC_ARC = YES;
				CLANG_ENABLE_OBJC_WEAK = YES;
				CLANG_WARN_BLOCK_CAPTURE_AUTORELEASING = YES;
				CLANG_WARN_BOOL_CONVERSION = YES;
				CLANG_WARN_COMMA = YES;
				CLANG_WARN_CONSTANT_CONVERSION = YES;
				CLANG_WARN_DEPRECATED_OBJC_IMPLEMENTATIONS = YES;
				CLANG_WARN_DIRECT_OBJC_ISA_USAGE = YES_ERROR;
				CLANG_WARN_DOCUMENTATION_COMMENTS = YES;
				CLANG_WARN_EMPTY_BODY = YES;
				CLANG_WARN_ENUM_CONVERSION = YES;
				CLANG_WARN_INFINITE_RECURSION = YES;
				CLANG_WARN_INT_CONVERSION = YES;
				CLANG_WARN_NON_LITERAL_NULL_CONVERSION = YES;
				CLANG_WARN_OBJC_IMPLICIT_RETAIN_SELF = YES;
				CLANG_WARN_OBJC_LITERAL_CONVERSION = YES;
				CLANG_WARN_OBJC_ROOT_CLASS = YES_ERROR;
				CLANG_WARN_QUOTED_INCLUDE_IN_FRAMEWORK_HEADER = YES;
				CLANG_WARN_RANGE_LOOP_ANALYSIS = YES;
				CLANG_WARN_STRICT_PROTOTYPES = YES;
				CLANG_WARN_SUSPICIOUS_MOVE = YES;
				CLANG_WARN_UNGUARDED_AVAILABILITY = YES_AGGRESSIVE;
				CLANG_WARN_UNREACHABLE_CODE = YES;
				CLANG_WARN__DUPLICATE_METHOD_MATCH = YES;
				COPY_PHASE_STRIP = NO;
				DEBUG_INFORMATION_FORMAT = dwarf;
				ENABLE_STRICT_OBJC_MSGSEND = YES;
				ENABLE_TESTABILITY = YES;
				GCC_C_LANGUAGE_STANDARD = gnu11;
				GCC_DYNAMIC_NO_PIC = NO;
				GCC_NO_COMMON_BLOCKS = YES;
				GCC_OPTIMIZATION_LEVEL = 0;
				GCC_PREPROCESSOR_DEFINITIONS = (
					"DEBUG=1",
					"$(inherited)",
				);
				GCC_WARN_64_TO_32_BIT_CONVERSION = YES;
				GCC_WARN_ABOUT_RETURN_TYPE = YES_ERROR;
				GCC_WARN_UNDECLARED_SELECTOR = YES;
				GCC_WARN_UNINITIALIZED_AUTOS = YES_AGGRESSIVE;
				GCC_WARN_UNUSED_FUNCTION = YES;
				GCC_WARN_UNUSED_VARIABLE = YES;
				IPHONEOS_DEPLOYMENT_TARGET = 14.0;
				MTL_ENABLE_DEBUG_INFO = INCLUDE_SOURCE;
				MTL_FAST_MATH = YES;
				ONLY_ACTIVE_ARCH = YES;
				SDKROOT = iphoneos;
				SWIFT_ACTIVE_COMPILATION_CONDITIONS = DEBUG;
				SWIFT_OPTIMIZATION_LEVEL = "-Onone";
			};
			name = Debug;
		};
		CF51E21125289C7E007A621E /* Release */ = {
			isa = XCBuildConfiguration;
			buildSettings = {
				ALWAYS_SEARCH_USER_PATHS = NO;
				CLANG_ANALYZER_NONNULL = YES;
				CLANG_ANALYZER_NUMBER_OBJECT_CONVERSION = YES_AGGRESSIVE;
				CLANG_CXX_LANGUAGE_STANDARD = "gnu++14";
				CLANG_CXX_LIBRARY = "libc++";
				CLANG_ENABLE_MODULES = YES;
				CLANG_ENABLE_OBJC_ARC = YES;
				CLANG_ENABLE_OBJC_WEAK = YES;
				CLANG_WARN_BLOCK_CAPTURE_AUTORELEASING = YES;
				CLANG_WARN_BOOL_CONVERSION = YES;
				CLANG_WARN_COMMA = YES;
				CLANG_WARN_CONSTANT_CONVERSION = YES;
				CLANG_WARN_DEPRECATED_OBJC_IMPLEMENTATIONS = YES;
				CLANG_WARN_DIRECT_OBJC_ISA_USAGE = YES_ERROR;
				CLANG_WARN_DOCUMENTATION_COMMENTS = YES;
				CLANG_WARN_EMPTY_BODY = YES;
				CLANG_WARN_ENUM_CONVERSION = YES;
				CLANG_WARN_INFINITE_RECURSION = YES;
				CLANG_WARN_INT_CONVERSION = YES;
				CLANG_WARN_NON_LITERAL_NULL_CONVERSION = YES;
				CLANG_WARN_OBJC_IMPLICIT_RETAIN_SELF = YES;
				CLANG_WARN_OBJC_LITERAL_CONVERSION = YES;
				CLANG_WARN_OBJC_ROOT_CLASS = YES_ERROR;
				CLANG_WARN_QUOTED_INCLUDE_IN_FRAMEWORK_HEADER = YES;
				CLANG_WARN_RANGE_LOOP_ANALYSIS = YES;
				CLANG_WARN_STRICT_PROTOTYPES = YES;
				CLANG_WARN_SUSPICIOUS_MOVE = YES;
				CLANG_WARN_UNGUARDED_AVAILABILITY = YES_AGGRESSIVE;
				CLANG_WARN_UNREACHABLE_CODE = YES;
				CLANG_WARN__DUPLICATE_METHOD_MATCH = YES;
				COPY_PHASE_STRIP = NO;
				DEBUG_INFORMATION_FORMAT = "dwarf-with-dsym";
				ENABLE_NS_ASSERTIONS = NO;
				ENABLE_STRICT_OBJC_MSGSEND = YES;
				GCC_C_LANGUAGE_STANDARD = gnu11;
				GCC_NO_COMMON_BLOCKS = YES;
				GCC_WARN_64_TO_32_BIT_CONVERSION = YES;
				GCC_WARN_ABOUT_RETURN_TYPE = YES_ERROR;
				GCC_WARN_UNDECLARED_SELECTOR = YES;
				GCC_WARN_UNINITIALIZED_AUTOS = YES_AGGRESSIVE;
				GCC_WARN_UNUSED_FUNCTION = YES;
				GCC_WARN_UNUSED_VARIABLE = YES;
				IPHONEOS_DEPLOYMENT_TARGET = 14.0;
				MTL_ENABLE_DEBUG_INFO = NO;
				MTL_FAST_MATH = YES;
				SDKROOT = iphoneos;
				SWIFT_COMPILATION_MODE = wholemodule;
				SWIFT_OPTIMIZATION_LEVEL = "-O";
				VALIDATE_PRODUCT = YES;
			};
			name = Release;
		};
		CF51E21325289C7E007A621E /* Debug */ = {
			isa = XCBuildConfiguration;
			buildSettings = {
				ASSETCATALOG_COMPILER_APPICON_NAME = AppIcon;
				ASSETCATALOG_COMPILER_GLOBAL_ACCENT_COLOR_NAME = AccentColor;
				CODE_SIGN_STYLE = Automatic;
				DEVELOPMENT_TEAM = ZTSRVDLXKY;
				INFOPLIST_FILE = TestTask/Info.plist;
				LD_RUNPATH_SEARCH_PATHS = (
					"$(inherited)",
					"@executable_path/Frameworks",
				);
				PRODUCT_BUNDLE_IDENTIFIER = "M-G.TestTask";
				PRODUCT_NAME = "$(TARGET_NAME)";
				SWIFT_VERSION = 5.0;
				TARGETED_DEVICE_FAMILY = "1,2";
			};
			name = Debug;
		};
		CF51E21425289C7E007A621E /* Release */ = {
			isa = XCBuildConfiguration;
			buildSettings = {
				ASSETCATALOG_COMPILER_APPICON_NAME = AppIcon;
				ASSETCATALOG_COMPILER_GLOBAL_ACCENT_COLOR_NAME = AccentColor;
				CODE_SIGN_STYLE = Automatic;
				DEVELOPMENT_TEAM = ZTSRVDLXKY;
				INFOPLIST_FILE = TestTask/Info.plist;
				LD_RUNPATH_SEARCH_PATHS = (
					"$(inherited)",
					"@executable_path/Frameworks",
				);
				PRODUCT_BUNDLE_IDENTIFIER = "M-G.TestTask";
				PRODUCT_NAME = "$(TARGET_NAME)";
				SWIFT_VERSION = 5.0;
				TARGETED_DEVICE_FAMILY = "1,2";
			};
			name = Release;
		};
/* End XCBuildConfiguration section */

/* Begin XCConfigurationList section */
		CF51E1F925289C74007A621E /* Build configuration list for PBXProject "TestTask" */ = {
			isa = XCConfigurationList;
			buildConfigurations = (
				CF51E21025289C7E007A621E /* Debug */,
				CF51E21125289C7E007A621E /* Release */,
			);
			defaultConfigurationIsVisible = 0;
			defaultConfigurationName = Release;
		};
		CF51E21225289C7E007A621E /* Build configuration list for PBXNativeTarget "TestTask" */ = {
			isa = XCConfigurationList;
			buildConfigurations = (
				CF51E21325289C7E007A621E /* Debug */,
				CF51E21425289C7E007A621E /* Release */,
			);
			defaultConfigurationIsVisible = 0;
			defaultConfigurationName = Release;
		};
/* End XCConfigurationList section */
	};
	rootObject = CF51E1F625289C74007A621E /* Project object */;
}
